// !$*UTF8*$!
{
	archiveVersion = 1;
	classes = {
	};
	objectVersion = 46;
	objects = {

/* Begin PBXBuildFile section */
		FAF21C451D213E2700467C82 /* AppDelegate.swift in Sources */ = {isa = PBXBuildFile; fileRef = FAF21C441D213E2700467C82 /* AppDelegate.swift */; };
		FAF21C471D213E2700467C82 /* ViewController.swift in Sources */ = {isa = PBXBuildFile; fileRef = FAF21C461D213E2700467C82 /* ViewController.swift */; };
		FAF21C4A1D213E2700467C82 /* Main.storyboard in Resources */ = {isa = PBXBuildFile; fileRef = FAF21C481D213E2700467C82 /* Main.storyboard */; };
		FAF21C4C1D213E2700467C82 /* Assets.xcassets in Resources */ = {isa = PBXBuildFile; fileRef = FAF21C4B1D213E2700467C82 /* Assets.xcassets */; };
		FAF21C4F1D213E2700467C82 /* LaunchScreen.storyboard in Resources */ = {isa = PBXBuildFile; fileRef = FAF21C4D1D213E2700467C82 /* LaunchScreen.storyboard */; };
		FAF21C571D21409700467C82 /* MapKit.framework in Frameworks */ = {isa = PBXBuildFile; fileRef = FAF21C561D21409700467C82 /* MapKit.framework */; };
		FAF21C591D21458300467C82 /* Capital.swift in Sources */ = {isa = PBXBuildFile; fileRef = FAF21C581D21458300467C82 /* Capital.swift */; };
/* End PBXBuildFile section */

/* Begin PBXFileReference section */
		FAF21C411D213E2600467C82 /* Capital Cities.app */ = {isa = PBXFileReference; explicitFileType = wrapper.application; includeInIndex = 0; path = "Capital Cities.app"; sourceTree = BUILT_PRODUCTS_DIR; };
		FAF21C441D213E2700467C82 /* AppDelegate.swift */ = {isa = PBXFileReference; lastKnownFileType = sourcecode.swift; path = AppDelegate.swift; sourceTree = "<group>"; };
		FAF21C461D213E2700467C82 /* ViewController.swift */ = {isa = PBXFileReference; lastKnownFileType = sourcecode.swift; path = ViewController.swift; sourceTree = "<group>"; };
		FAF21C491D213E2700467C82 /* Base */ = {isa = PBXFileReference; lastKnownFileType = file.storyboard; name = Base; path = Base.lproj/Main.storyboard; sourceTree = "<group>"; };
		FAF21C4B1D213E2700467C82 /* Assets.xcassets */ = {isa = PBXFileReference; lastKnownFileType = folder.assetcatalog; path = Assets.xcassets; sourceTree = "<group>"; };
		FAF21C4E1D213E2700467C82 /* Base */ = {isa = PBXFileReference; lastKnownFileType = file.storyboard; name = Base; path = Base.lproj/LaunchScreen.storyboard; sourceTree = "<group>"; };
		FAF21C501D213E2700467C82 /* Info.plist */ = {isa = PBXFileReference; lastKnownFileType = text.plist.xml; path = Info.plist; sourceTree = "<group>"; };
		FAF21C561D21409700467C82 /* MapKit.framework */ = {isa = PBXFileReference; lastKnownFileType = wrapper.framework; name = MapKit.framework; path = System/Library/Frameworks/MapKit.framework; sourceTree = SDKROOT; };
		FAF21C581D21458300467C82 /* Capital.swift */ = {isa = PBXFileReference; fileEncoding = 4; lastKnownFileType = sourcecode.swift; path = Capital.swift; sourceTree = "<group>"; };
/* End PBXFileReference section */

/* Begin PBXFrameworksBuildPhase section */
		FAF21C3E1D213E2600467C82 /* Frameworks */ = {
			isa = PBXFrameworksBuildPhase;
			buildActionMask = 2147483647;
			files = (
				FAF21C571D21409700467C82 /* MapKit.framework in Frameworks */,
			);
			runOnlyForDeploymentPostprocessing = 0;
		};
/* End PBXFrameworksBuildPhase section */

/* Begin PBXGroup section */
		FAF21C381D213E2600467C82 = {
			isa = PBXGroup;
			children = (
				FAF21C561D21409700467C82 /* MapKit.framework */,
				FAF21C431D213E2700467C82 /* Capital Cities */,
				FAF21C421D213E2600467C82 /* Products */,
			);
			sourceTree = "<group>";
		};
		FAF21C421D213E2600467C82 /* Products */ = {
			isa = PBXGroup;
			children = (
				FAF21C411D213E2600467C82 /* Capital Cities.app */,
			);
			name = Products;
			sourceTree = "<group>";
		};
		FAF21C431D213E2700467C82 /* Capital Cities */ = {
			isa = PBXGroup;
			children = (
				FAF21C441D213E2700467C82 /* AppDelegate.swift */,
				FAF21C461D213E2700467C82 /* ViewController.swift */,
				FAF21C581D21458300467C82 /* Capital.swift */,
				FAF21C481D213E2700467C82 /* Main.storyboard */,
				FAF21C4B1D213E2700467C82 /* Assets.xcassets */,
				FAF21C4D1D213E2700467C82 /* LaunchScreen.storyboard */,
				FAF21C501D213E2700467C82 /* Info.plist */,
			);
			path = "Capital Cities";
			sourceTree = "<group>";
		};
/* End PBXGroup section */

/* Begin PBXNativeTarget section */
		FAF21C401D213E2600467C82 /* Capital Cities */ = {
			isa = PBXNativeTarget;
			buildConfigurationList = FAF21C531D213E2700467C82 /* Build configuration list for PBXNativeTarget "Capital Cities" */;
			buildPhases = (
				FAF21C3D1D213E2600467C82 /* Sources */,
				FAF21C3E1D213E2600467C82 /* Frameworks */,
				FAF21C3F1D213E2600467C82 /* Resources */,
			);
			buildRules = (
			);
			dependencies = (
			);
			name = "Capital Cities";
			productName = "Capital Cities";
			productReference = FAF21C411D213E2600467C82 /* Capital Cities.app */;
			productType = "com.apple.product-type.application";
		};
/* End PBXNativeTarget section */

/* Begin PBXProject section */
		FAF21C391D213E2600467C82 /* Project object */ = {
			isa = PBXProject;
			attributes = {
				LastSwiftUpdateCheck = 0730;
				LastUpgradeCheck = 0730;
				ORGANIZATIONNAME = "Alex Barcenas";
				TargetAttributes = {
					FAF21C401D213E2600467C82 = {
						CreatedOnToolsVersion = 7.3.1;
						DevelopmentTeam = 2ZSXJFDZ3N;
						SystemCapabilities = {
							com.apple.Maps.iOS = {
								enabled = 1;
							};
						};
					};
				};
			};
			buildConfigurationList = FAF21C3C1D213E2600467C82 /* Build configuration list for PBXProject "Capital Cities" */;
			compatibilityVersion = "Xcode 3.2";
			developmentRegion = English;
			hasScannedForEncodings = 0;
			knownRegions = (
				en,
				Base,
			);
			mainGroup = FAF21C381D213E2600467C82;
			productRefGroup = FAF21C421D213E2600467C82 /* Products */;
			projectDirPath = "";
			projectRoot = "";
			targets = (
				FAF21C401D213E2600467C82 /* Capital Cities */,
			);
		};
/* End PBXProject section */

/* Begin PBXResourcesBuildPhase section */
		FAF21C3F1D213E2600467C82 /* Resources */ = {
			isa = PBXResourcesBuildPhase;
			buildActionMask = 2147483647;
			files = (
				FAF21C4F1D213E2700467C82 /* LaunchScreen.storyboard in Resources */,
				FAF21C4C1D213E2700467C82 /* Assets.xcassets in Resources */,
				FAF21C4A1D213E2700467C82 /* Main.storyboard in Resources */,
			);
			runOnlyForDeploymentPostprocessing = 0;
		};
/* End PBXResourcesBuildPhase section */

/* Begin PBXSourcesBuildPhase section */
		FAF21C3D1D213E2600467C82 /* Sources */ = {
			isa = PBXSourcesBuildPhase;
			buildActionMask = 2147483647;
			files = (
				FAF21C471D213E2700467C82 /* ViewController.swift in Sources */,
				FAF21C451D213E2700467C82 /* AppDelegate.swift in Sources */,
				FAF21C591D21458300467C82 /* Capital.swift in Sources */,
			);
			runOnlyForDeploymentPostprocessing = 0;
		};
/* End PBXSourcesBuildPhase section */

/* Begin PBXVariantGroup section */
		FAF21C481D213E2700467C82 /* Main.storyboard */ = {
			isa = PBXVariantGroup;
			children = (
				FAF21C491D213E2700467C82 /* Base */,
			);
			name = Main.storyboard;
			sourceTree = "<group>";
		};
		FAF21C4D1D213E2700467C82 /* LaunchScreen.storyboard */ = {
			isa = PBXVariantGroup;
			children = (
				FAF21C4E1D213E2700467C82 /* Base */,
			);
			name = LaunchScreen.storyboard;
			sourceTree = "<group>";
		};
/* End PBXVariantGroup section */

/* Begin XCBuildConfiguration section */
		FAF21C511D213E2700467C82 /* Debug */ = {
			isa = XCBuildConfiguration;
			buildSettings = {
				ALWAYS_SEARCH_USER_PATHS = NO;
				CLANG_ANALYZER_NONNULL = YES;
				CLANG_CXX_LANGUAGE_STANDARD = "gnu++0x";
				CLANG_CXX_LIBRARY = "libc++";
				CLANG_ENABLE_MODULES = YES;
				CLANG_ENABLE_OBJC_ARC = YES;
				CLANG_WARN_BOOL_CONVERSION = YES;
				CLANG_WARN_CONSTANT_CONVERSION = YES;
				CLANG_WARN_DIRECT_OBJC_ISA_USAGE = YES_ERROR;
				CLANG_WARN_EMPTY_BODY = YES;
				CLANG_WARN_ENUM_CONVERSION = YES;
				CLANG_WARN_INT_CONVERSION = YES;
				CLANG_WARN_OBJC_ROOT_CLASS = YES_ERROR;
				CLANG_WARN_UNREACHABLE_CODE = YES;
				CLANG_WARN__DUPLICATE_METHOD_MATCH = YES;
				"CODE_SIGN_IDENTITY[sdk=iphoneos*]" = "iPhone Developer";
				COPY_PHASE_STRIP = NO;
				DEBUG_INFORMATION_FORMAT = dwarf;
				ENABLE_STRICT_OBJC_MSGSEND = YES;
				ENABLE_TESTABILITY = YES;
				GCC_C_LANGUAGE_STANDARD = gnu99;
				GCC_DYNAMIC_NO_PIC = NO;
				GCC_NO_COMMON_BLOCKS = YES;
				GCC_OPTIMIZATION_LEVEL = 0;
				GCC_PREPROCESSOR_DEFINITIONS = (
					"DEBUG=1",
					"$(inherited)",
				);
				GCC_WARN_64_TO_32_BIT_CONVERSION = YES;
				GCC_WARN_ABOUT_RETURN_TYPE = YES_ERROR;
				GCC_WARN_UNDECLARED_SELECTOR = YES;
				GCC_WARN_UNINITIALIZED_AUTOS = YES_AGGRESSIVE;
				GCC_WARN_UNUSED_FUNCTION = YES;
				GCC_WARN_UNUSED_VARIABLE = YES;
				IPHONEOS_DEPLOYMENT_TARGET = 9.3;
				MTL_ENABLE_DEBUG_INFO = YES;
				ONLY_ACTIVE_ARCH = YES;
				SDKROOT = iphoneos;
				SWIFT_OPTIMIZATION_LEVEL = "-Onone";
			};
			name = Debug;
		};
		FAF21C521D213E2700467C82 /* Release */ = {
			isa = XCBuildConfiguration;
			buildSettings = {
				ALWAYS_SEARCH_USER_PATHS = NO;
				CLANG_ANALYZER_NONNULL = YES;
				CLANG_CXX_LANGUAGE_STANDARD = "gnu++0x";
				CLANG_CXX_LIBRARY = "libc++";
				CLANG_ENABLE_MODULES = YES;
				CLANG_ENABLE_OBJC_ARC = YES;
				CLANG_WARN_BOOL_CONVERSION = YES;
				CLANG_WARN_CONSTANT_CONVERSION = YES;
				CLANG_WARN_DIRECT_OBJC_ISA_USAGE = YES_ERROR;
				CLANG_WARN_EMPTY_BODY = YES;
				CLANG_WARN_ENUM_CONVERSION = YES;
				CLANG_WARN_INT_CONVERSION = YES;
				CLANG_WARN_OBJC_ROOT_CLASS = YES_ERROR;
				CLANG_WARN_UNREACHABLE_CODE = YES;
				CLANG_WARN__DUPLICATE_METHOD_MATCH = YES;
				"CODE_SIGN_IDENTITY[sdk=iphoneos*]" = "iPhone Developer";
				COPY_PHASE_STRIP = NO;
				DEBUG_INFORMATION_FORMAT = "dwarf-with-dsym";
				ENABLE_NS_ASSERTIONS = NO;
				ENABLE_STRICT_OBJC_MSGSEND = YES;
				GCC_C_LANGUAGE_STANDARD = gnu99;
				GCC_NO_COMMON_BLOCKS = YES;
				GCC_WARN_64_TO_32_BIT_CONVERSION = YES;
				GCC_WARN_ABOUT_RETURN_TYPE = YES_ERROR;
				GCC_WARN_UNDECLARED_SELECTOR = YES;
				GCC_WARN_UNINITIALIZED_AUTOS = YES_AGGRESSIVE;
				GCC_WARN_UNUSED_FUNCTION = YES;
				GCC_WARN_UNUSED_VARIABLE = YES;
				IPHONEOS_DEPLOYMENT_TARGET = 9.3;
				MTL_ENABLE_DEBUG_INFO = NO;
				SDKROOT = iphoneos;
				VALIDATE_PRODUCT = YES;
			};
			name = Release;
		};
		FAF21C541D213E2700467C82 /* Debug */ = {
			isa = XCBuildConfiguration;
			buildSettings = {
				ASSETCATALOG_COMPILER_APPICON_NAME = AppIcon;
				INFOPLIST_FILE = "Capital Cities/Info.plist";
				LD_RUNPATH_SEARCH_PATHS = "$(inherited) @executable_path/Frameworks";
				PRODUCT_BUNDLE_IDENTIFIER = "Alex-Barcenas.Capital-Cities";
				PRODUCT_NAME = "$(TARGET_NAME)";
			};
			name = Debug;
		};
		FAF21C551D213E2700467C82 /* Release */ = {
			isa = XCBuildConfiguration;
			buildSettings = {
				ASSETCATALOG_COMPILER_APPICON_NAME = AppIcon;
				INFOPLIST_FILE = "Capital Cities/Info.plist";
				LD_RUNPATH_SEARCH_PATHS = "$(inherited) @executable_path/Frameworks";
				PRODUCT_BUNDLE_IDENTIFIER = "Alex-Barcenas.Capital-Cities";
				PRODUCT_NAME = "$(TARGET_NAME)";
			};
			name = Release;
		};
/* End XCBuildConfiguration section */

/* Begin XCConfigurationList section */
		FAF21C3C1D213E2600467C82 /* Build configuration list for PBXProject "Capital Cities" */ = {
			isa = XCConfigurationList;
			buildConfigurations = (
				FAF21C511D213E2700467C82 /* Debug */,
				FAF21C521D213E2700467C82 /* Release */,
			);
			defaultConfigurationIsVisible = 0;
			defaultConfigurationName = Release;
		};
		FAF21C531D213E2700467C82 /* Build configuration list for PBXNativeTarget "Capital Cities" */ = {
			isa = XCConfigurationList;
			buildConfigurations = (
				FAF21C541D213E2700467C82 /* Debug */,
				FAF21C551D213E2700467C82 /* Release */,
			);
			defaultConfigurationIsVisible = 0;
		};
/* End XCConfigurationList section */
	};
	rootObject = FAF21C391D213E2600467C82 /* Project object */;
}
